// !$*UTF8*$!
{
	archiveVersion = 1;
	classes = {
	};
	objectVersion = 60;
	objects = {

/* Begin PBXBuildFile section */
		7D49AB9B2C22CF5C003551BB /* CategoryRow.swift in Sources */ = {isa = PBXBuildFile; fileRef = 7D49AB9A2C22CF5C003551BB /* CategoryRow.swift */; };
		7D49AB9D2C22D19A003551BB /* CategoryItem.swift in Sources */ = {isa = PBXBuildFile; fileRef = 7D49AB9C2C22D19A003551BB /* CategoryItem.swift */; };
		7D49AB9F2C23ABB4003551BB /* Profile.swift in Sources */ = {isa = PBXBuildFile; fileRef = 7D49AB9E2C23ABB4003551BB /* Profile.swift */; };
		7D49ABA22C23AC25003551BB /* ProfileHost.swift in Sources */ = {isa = PBXBuildFile; fileRef = 7D49ABA12C23AC25003551BB /* ProfileHost.swift */; };
		7D49ABA42C23B0CB003551BB /* ProfileSummary.swift in Sources */ = {isa = PBXBuildFile; fileRef = 7D49ABA32C23B0CB003551BB /* ProfileSummary.swift */; };
		7D49ABA62C23B1BA003551BB /* HikeBadge.swift in Sources */ = {isa = PBXBuildFile; fileRef = 7D49ABA52C23B1BA003551BB /* HikeBadge.swift */; };
		7D49ABA82C23BCE1003551BB /* ProfileEditor.swift in Sources */ = {isa = PBXBuildFile; fileRef = 7D49ABA72C23BCE1003551BB /* ProfileEditor.swift */; };
		7D49ABAD2C23CF56003551BB /* PageViewController.swift in Sources */ = {isa = PBXBuildFile; fileRef = 7D49ABAC2C23CF56003551BB /* PageViewController.swift */; };
		7D49ABAF2C23D1B3003551BB /* FeatureCard.swift in Sources */ = {isa = PBXBuildFile; fileRef = 7D49ABAE2C23D1B3003551BB /* FeatureCard.swift */; };
		7D49ABB12C23D2FB003551BB /* PageView.swift in Sources */ = {isa = PBXBuildFile; fileRef = 7D49ABB02C23D2FB003551BB /* PageView.swift */; };
		7D49ABB32C23F643003551BB /* PageControl.swift in Sources */ = {isa = PBXBuildFile; fileRef = 7D49ABB22C23F643003551BB /* PageControl.swift */; };
		7D49ABBD2C23FA9A003551BB /* ContentView.swift in Sources */ = {isa = PBXBuildFile; fileRef = 7D49ABBC2C23FA9A003551BB /* ContentView.swift */; };
		7D49ABBF2C23FA9C003551BB /* Assets.xcassets in Resources */ = {isa = PBXBuildFile; fileRef = 7D49ABBE2C23FA9C003551BB /* Assets.xcassets */; };
		7D49ABC22C23FA9C003551BB /* Preview Assets.xcassets in Resources */ = {isa = PBXBuildFile; fileRef = 7D49ABC12C23FA9C003551BB /* Preview Assets.xcassets */; };
		7D49ABDB2C23FA9C003551BB /* WatchLandmarks Watch App.app in Embed Watch Content */ = {isa = PBXBuildFile; fileRef = 7D49ABB82C23FA9A003551BB /* WatchLandmarks Watch App.app */; settings = {ATTRIBUTES = (RemoveHeadersOnCopy, ); }; };
		7D49ABE62C23FC24003551BB /* LandmarksApp.swift in Sources */ = {isa = PBXBuildFile; fileRef = 7DA6B7602C202115002EE33D /* LandmarksApp.swift */; };
		7D49ABE72C23FC24003551BB /* LandmarkRow.swift in Sources */ = {isa = PBXBuildFile; fileRef = 7DA6B79A2C211B15002EE33D /* LandmarkRow.swift */; };
		7D49ABE82C23FC24003551BB /* MapView.swift in Sources */ = {isa = PBXBuildFile; fileRef = 7DA6B78D2C20565B002EE33D /* MapView.swift */; };
		7D49ABE92C23FC24003551BB /* Landmark.swift in Sources */ = {isa = PBXBuildFile; fileRef = 7DA6B7912C210FAD002EE33D /* Landmark.swift */; };
		7D49ABEA2C23FC24003551BB /* CircleImage.swift in Sources */ = {isa = PBXBuildFile; fileRef = 7DA6B78B2C205500002EE33D /* CircleImage.swift */; };
		7D49ABEB2C23FC24003551BB /* ModelData.swift in Sources */ = {isa = PBXBuildFile; fileRef = 7DA6B7932C21197C002EE33D /* ModelData.swift */; };
		7D49ABED2C23FC24003551BB /* Hike.swift in Sources */ = {isa = PBXBuildFile; fileRef = 7D78C62C2C21A62A00C6540F /* Hike.swift */; };
		7D49ABEE2C23FC24003551BB /* Profile.swift in Sources */ = {isa = PBXBuildFile; fileRef = 7D49AB9E2C23ABB4003551BB /* Profile.swift */; };
		7D49ABEF2C23FC24003551BB /* Assets.xcassets in Resources */ = {isa = PBXBuildFile; fileRef = 7DA6B7642C202116002EE33D /* Assets.xcassets */; };
		7D49ABF02C23FC24003551BB /* landmarkData.json in Resources */ = {isa = PBXBuildFile; fileRef = 7DA6B78F2C210F88002EE33D /* landmarkData.json */; };
		7D49ABF12C23FC24003551BB /* hikeData.json in Resources */ = {isa = PBXBuildFile; fileRef = 7D78C62A2C21A61600C6540F /* hikeData.json */; };
		7D49ABF32C23FE74003551BB /* LandmarkDetail.swift in Sources */ = {isa = PBXBuildFile; fileRef = 7D49ABF22C23FE74003551BB /* LandmarkDetail.swift */; };
		7D49ABF52C2406E1003551BB /* NotificationView.swift in Sources */ = {isa = PBXBuildFile; fileRef = 7D49ABF42C2406E1003551BB /* NotificationView.swift */; };
		7D49ABF72C24079F003551BB /* NotificationController.swift in Sources */ = {isa = PBXBuildFile; fileRef = 7D49ABF62C24079F003551BB /* NotificationController.swift */; };
		7D49AC032C242657003551BB /* ContentView.swift in Sources */ = {isa = PBXBuildFile; fileRef = 7D49AC022C242657003551BB /* ContentView.swift */; };
		7D49AC052C242658003551BB /* Assets.xcassets in Resources */ = {isa = PBXBuildFile; fileRef = 7D49AC042C242658003551BB /* Assets.xcassets */; };
		7D49AC082C242658003551BB /* Preview Assets.xcassets in Resources */ = {isa = PBXBuildFile; fileRef = 7D49AC072C242658003551BB /* Preview Assets.xcassets */; };
		7D49AC362C2426D0003551BB /* ModelData.swift in Sources */ = {isa = PBXBuildFile; fileRef = 7DA6B7932C21197C002EE33D /* ModelData.swift */; };
		7D49AC372C2426D0003551BB /* CircleImage.swift in Sources */ = {isa = PBXBuildFile; fileRef = 7DA6B78B2C205500002EE33D /* CircleImage.swift */; };
		7D49AC382C2426D0003551BB /* LandmarksApp.swift in Sources */ = {isa = PBXBuildFile; fileRef = 7DA6B7602C202115002EE33D /* LandmarksApp.swift */; };
		7D49AC392C2426D0003551BB /* MapView.swift in Sources */ = {isa = PBXBuildFile; fileRef = 7DA6B78D2C20565B002EE33D /* MapView.swift */; };
		7D49AC3A2C2426D0003551BB /* Hike.swift in Sources */ = {isa = PBXBuildFile; fileRef = 7D78C62C2C21A62A00C6540F /* Hike.swift */; };
		7D49AC3B2C2426D0003551BB /* LandmarkList.swift in Sources */ = {isa = PBXBuildFile; fileRef = 7DA6B79C2C21236A002EE33D /* LandmarkList.swift */; };
		7D49AC3C2C2426D0003551BB /* Landmark.swift in Sources */ = {isa = PBXBuildFile; fileRef = 7DA6B7912C210FAD002EE33D /* Landmark.swift */; };
		7D49AC3D2C2426D0003551BB /* FavoriteButton.swift in Sources */ = {isa = PBXBuildFile; fileRef = 7DA6B7A02C21595E002EE33D /* FavoriteButton.swift */; };
		7D49AC3E2C2426D0003551BB /* Profile.swift in Sources */ = {isa = PBXBuildFile; fileRef = 7D49AB9E2C23ABB4003551BB /* Profile.swift */; };
		7D49AC3F2C2426D0003551BB /* LandmarkRow.swift in Sources */ = {isa = PBXBuildFile; fileRef = 7DA6B79A2C211B15002EE33D /* LandmarkRow.swift */; };
		7D49AC402C2426D0003551BB /* landmarkData.json in Resources */ = {isa = PBXBuildFile; fileRef = 7DA6B78F2C210F88002EE33D /* landmarkData.json */; };
		7D49AC412C2426D0003551BB /* hikeData.json in Resources */ = {isa = PBXBuildFile; fileRef = 7D78C62A2C21A61600C6540F /* hikeData.json */; };
		7D49AC422C2426D0003551BB /* Assets.xcassets in Resources */ = {isa = PBXBuildFile; fileRef = 7DA6B7642C202116002EE33D /* Assets.xcassets */; };
		7D49AC442C24276B003551BB /* LandmarkDetail.swift in Sources */ = {isa = PBXBuildFile; fileRef = 7D49AC432C24276B003551BB /* LandmarkDetail.swift */; };
		7D49AC462C24574D003551BB /* LandmarkList.swift in Sources */ = {isa = PBXBuildFile; fileRef = 7D49AC452C24574D003551BB /* LandmarkList.swift */; };
		7D49AC482C2462B9003551BB /* LandmarkCommands.swift in Sources */ = {isa = PBXBuildFile; fileRef = 7D49AC472C2462B9003551BB /* LandmarkCommands.swift */; };
		7D49AC492C2462B9003551BB /* LandmarkCommands.swift in Sources */ = {isa = PBXBuildFile; fileRef = 7D49AC472C2462B9003551BB /* LandmarkCommands.swift */; };
		7D49AC4B2C251420003551BB /* LandmarkSettings.swift in Sources */ = {isa = PBXBuildFile; fileRef = 7D49AC4A2C251420003551BB /* LandmarkSettings.swift */; };
		7D78C6242C21711300C6540F /* BadgeSymbol.swift in Sources */ = {isa = PBXBuildFile; fileRef = 7D78C6232C21711300C6540F /* BadgeSymbol.swift */; };
		7D78C6262C21715A00C6540F /* RotatedBadgeSymbol.swift in Sources */ = {isa = PBXBuildFile; fileRef = 7D78C6252C21715A00C6540F /* RotatedBadgeSymbol.swift */; };
		7D78C6282C2177DC00C6540F /* Badge.swift in Sources */ = {isa = PBXBuildFile; fileRef = 7D78C6272C2177DC00C6540F /* Badge.swift */; };
		7D78C62B2C21A61600C6540F /* hikeData.json in Resources */ = {isa = PBXBuildFile; fileRef = 7D78C62A2C21A61600C6540F /* hikeData.json */; };
		7D78C62D2C21A62A00C6540F /* Hike.swift in Sources */ = {isa = PBXBuildFile; fileRef = 7D78C62C2C21A62A00C6540F /* Hike.swift */; };
		7D78C6332C21A70000C6540F /* HikeView.swift in Sources */ = {isa = PBXBuildFile; fileRef = 7D78C6312C21A70000C6540F /* HikeView.swift */; };
		7D78C6342C21A70000C6540F /* GraphCapsule.swift in Sources */ = {isa = PBXBuildFile; fileRef = 7D78C62E2C21A70000C6540F /* GraphCapsule.swift */; };
		7D78C6352C21A70000C6540F /* HikeDetail.swift in Sources */ = {isa = PBXBuildFile; fileRef = 7D78C62F2C21A70000C6540F /* HikeDetail.swift */; };
		7D78C6362C21A70000C6540F /* HikeGraph.swift in Sources */ = {isa = PBXBuildFile; fileRef = 7D78C6302C21A70000C6540F /* HikeGraph.swift */; };
		7D78C6392C225A1F00C6540F /* CategoryHome.swift in Sources */ = {isa = PBXBuildFile; fileRef = 7D78C6382C225A1F00C6540F /* CategoryHome.swift */; };
		7D832C062C2522990076CC55 /* RealityKitContent in Frameworks */ = {isa = PBXBuildFile; productRef = 7D832C052C2522990076CC55 /* RealityKitContent */; };
		7D832C0A2C2522990076CC55 /* ContentView.swift in Sources */ = {isa = PBXBuildFile; fileRef = 7D832C092C2522990076CC55 /* ContentView.swift */; };
		7D832C0C2C25229A0076CC55 /* Assets.xcassets in Resources */ = {isa = PBXBuildFile; fileRef = 7D832C0B2C25229A0076CC55 /* Assets.xcassets */; };
		7D832C0F2C25229A0076CC55 /* Preview Assets.xcassets in Resources */ = {isa = PBXBuildFile; fileRef = 7D832C0E2C25229A0076CC55 /* Preview Assets.xcassets */; };
		7D832C142C2526660076CC55 /* Landmark.swift in Sources */ = {isa = PBXBuildFile; fileRef = 7DA6B7912C210FAD002EE33D /* Landmark.swift */; };
		7D832C152C2526660076CC55 /* ModelData.swift in Sources */ = {isa = PBXBuildFile; fileRef = 7DA6B7932C21197C002EE33D /* ModelData.swift */; };
		7D832C162C2526660076CC55 /* Hike.swift in Sources */ = {isa = PBXBuildFile; fileRef = 7D78C62C2C21A62A00C6540F /* Hike.swift */; };
		7D832C172C2526660076CC55 /* Profile.swift in Sources */ = {isa = PBXBuildFile; fileRef = 7D49AB9E2C23ABB4003551BB /* Profile.swift */; };
		7D832C182C25266D0076CC55 /* hikeData.json in Resources */ = {isa = PBXBuildFile; fileRef = 7D78C62A2C21A61600C6540F /* hikeData.json */; };
		7D832C192C25266D0076CC55 /* landmarkData.json in Resources */ = {isa = PBXBuildFile; fileRef = 7DA6B78F2C210F88002EE33D /* landmarkData.json */; };
		7D832C1A2C2526840076CC55 /* MapView.swift in Sources */ = {isa = PBXBuildFile; fileRef = 7DA6B78D2C20565B002EE33D /* MapView.swift */; };
		7D832C1B2C2526840076CC55 /* FavoriteButton.swift in Sources */ = {isa = PBXBuildFile; fileRef = 7DA6B7A02C21595E002EE33D /* FavoriteButton.swift */; };
		7D832C1C2C2526840076CC55 /* CircleImage.swift in Sources */ = {isa = PBXBuildFile; fileRef = 7DA6B78B2C205500002EE33D /* CircleImage.swift */; };
		7D832C1D2C25268F0076CC55 /* LandmarkRow.swift in Sources */ = {isa = PBXBuildFile; fileRef = 7DA6B79A2C211B15002EE33D /* LandmarkRow.swift */; };
		7D832C1E2C25268F0076CC55 /* LandmarkList.swift in Sources */ = {isa = PBXBuildFile; fileRef = 7DA6B79C2C21236A002EE33D /* LandmarkList.swift */; };
		7D832C1F2C25268F0076CC55 /* LandmarkDetail.swift in Sources */ = {isa = PBXBuildFile; fileRef = 7DA6B79E2C21285F002EE33D /* LandmarkDetail.swift */; };
		7D832C202C2526950076CC55 /* Assets.xcassets in Resources */ = {isa = PBXBuildFile; fileRef = 7DA6B7642C202116002EE33D /* Assets.xcassets */; };
		7D832C212C25269C0076CC55 /* LandmarksApp.swift in Sources */ = {isa = PBXBuildFile; fileRef = 7DA6B7602C202115002EE33D /* LandmarksApp.swift */; };
		7DA6B7612C202115002EE33D /* LandmarksApp.swift in Sources */ = {isa = PBXBuildFile; fileRef = 7DA6B7602C202115002EE33D /* LandmarksApp.swift */; };
		7DA6B7632C202115002EE33D /* ContentView.swift in Sources */ = {isa = PBXBuildFile; fileRef = 7DA6B7622C202115002EE33D /* ContentView.swift */; };
		7DA6B7652C202116002EE33D /* Assets.xcassets in Resources */ = {isa = PBXBuildFile; fileRef = 7DA6B7642C202116002EE33D /* Assets.xcassets */; };
		7DA6B7682C202116002EE33D /* Preview Assets.xcassets in Resources */ = {isa = PBXBuildFile; fileRef = 7DA6B7672C202116002EE33D /* Preview Assets.xcassets */; };
		7DA6B78C2C205500002EE33D /* CircleImage.swift in Sources */ = {isa = PBXBuildFile; fileRef = 7DA6B78B2C205500002EE33D /* CircleImage.swift */; };
		7DA6B78E2C20565B002EE33D /* MapView.swift in Sources */ = {isa = PBXBuildFile; fileRef = 7DA6B78D2C20565B002EE33D /* MapView.swift */; };
		7DA6B7902C210F88002EE33D /* landmarkData.json in Resources */ = {isa = PBXBuildFile; fileRef = 7DA6B78F2C210F88002EE33D /* landmarkData.json */; };
		7DA6B7922C210FAD002EE33D /* Landmark.swift in Sources */ = {isa = PBXBuildFile; fileRef = 7DA6B7912C210FAD002EE33D /* Landmark.swift */; };
		7DA6B7942C21197C002EE33D /* ModelData.swift in Sources */ = {isa = PBXBuildFile; fileRef = 7DA6B7932C21197C002EE33D /* ModelData.swift */; };
		7DA6B79B2C211B15002EE33D /* LandmarkRow.swift in Sources */ = {isa = PBXBuildFile; fileRef = 7DA6B79A2C211B15002EE33D /* LandmarkRow.swift */; };
		7DA6B79D2C21236A002EE33D /* LandmarkList.swift in Sources */ = {isa = PBXBuildFile; fileRef = 7DA6B79C2C21236A002EE33D /* LandmarkList.swift */; };
		7DA6B79F2C21285F002EE33D /* LandmarkDetail.swift in Sources */ = {isa = PBXBuildFile; fileRef = 7DA6B79E2C21285F002EE33D /* LandmarkDetail.swift */; };
		7DA6B7A12C21595E002EE33D /* FavoriteButton.swift in Sources */ = {isa = PBXBuildFile; fileRef = 7DA6B7A02C21595E002EE33D /* FavoriteButton.swift */; };
		7DA6B7A52C216104002EE33D /* HexagonParameters.swift in Sources */ = {isa = PBXBuildFile; fileRef = 7DA6B7A42C216104002EE33D /* HexagonParameters.swift */; };
		7DA6B7A72C2161D4002EE33D /* BadgeBackground.swift in Sources */ = {isa = PBXBuildFile; fileRef = 7DA6B7A62C2161D4002EE33D /* BadgeBackground.swift */; };
/* End PBXBuildFile section */

/* Begin PBXContainerItemProxy section */
		7D49ABD92C23FA9C003551BB /* PBXContainerItemProxy */ = {
			isa = PBXContainerItemProxy;
			containerPortal = 7DA6B7552C202115002EE33D /* Project object */;
			proxyType = 1;
			remoteGlobalIDString = 7D49ABB72C23FA9A003551BB;
			remoteInfo = "WatchLandmarks Watch App";
		};
/* End PBXContainerItemProxy section */

/* Begin PBXCopyFilesBuildPhase section */
		7D49ABDF2C23FA9C003551BB /* Embed Watch Content */ = {
			isa = PBXCopyFilesBuildPhase;
			buildActionMask = 2147483647;
			dstPath = "$(CONTENTS_FOLDER_PATH)/Watch";
			dstSubfolderSpec = 16;
			files = (
				7D49ABDB2C23FA9C003551BB /* WatchLandmarks Watch App.app in Embed Watch Content */,
			);
			name = "Embed Watch Content";
			runOnlyForDeploymentPostprocessing = 0;
		};
/* End PBXCopyFilesBuildPhase section */

/* Begin PBXFileReference section */
		7D49AB9A2C22CF5C003551BB /* CategoryRow.swift */ = {isa = PBXFileReference; lastKnownFileType = sourcecode.swift; path = CategoryRow.swift; sourceTree = "<group>"; };
		7D49AB9C2C22D19A003551BB /* CategoryItem.swift */ = {isa = PBXFileReference; lastKnownFileType = sourcecode.swift; path = CategoryItem.swift; sourceTree = "<group>"; };
		7D49AB9E2C23ABB4003551BB /* Profile.swift */ = {isa = PBXFileReference; lastKnownFileType = sourcecode.swift; path = Profile.swift; sourceTree = "<group>"; };
		7D49ABA12C23AC25003551BB /* ProfileHost.swift */ = {isa = PBXFileReference; lastKnownFileType = sourcecode.swift; path = ProfileHost.swift; sourceTree = "<group>"; };
		7D49ABA32C23B0CB003551BB /* ProfileSummary.swift */ = {isa = PBXFileReference; lastKnownFileType = sourcecode.swift; path = ProfileSummary.swift; sourceTree = "<group>"; };
		7D49ABA52C23B1BA003551BB /* HikeBadge.swift */ = {isa = PBXFileReference; lastKnownFileType = sourcecode.swift; path = HikeBadge.swift; sourceTree = "<group>"; };
		7D49ABA72C23BCE1003551BB /* ProfileEditor.swift */ = {isa = PBXFileReference; lastKnownFileType = sourcecode.swift; path = ProfileEditor.swift; sourceTree = "<group>"; };
		7D49ABAC2C23CF56003551BB /* PageViewController.swift */ = {isa = PBXFileReference; lastKnownFileType = sourcecode.swift; path = PageViewController.swift; sourceTree = "<group>"; };
		7D49ABAE2C23D1B3003551BB /* FeatureCard.swift */ = {isa = PBXFileReference; lastKnownFileType = sourcecode.swift; path = FeatureCard.swift; sourceTree = "<group>"; };
		7D49ABB02C23D2FB003551BB /* PageView.swift */ = {isa = PBXFileReference; lastKnownFileType = sourcecode.swift; path = PageView.swift; sourceTree = "<group>"; };
		7D49ABB22C23F643003551BB /* PageControl.swift */ = {isa = PBXFileReference; lastKnownFileType = sourcecode.swift; path = PageControl.swift; sourceTree = "<group>"; };
		7D49ABB82C23FA9A003551BB /* WatchLandmarks Watch App.app */ = {isa = PBXFileReference; explicitFileType = wrapper.application; includeInIndex = 0; path = "WatchLandmarks Watch App.app"; sourceTree = BUILT_PRODUCTS_DIR; };
		7D49ABBC2C23FA9A003551BB /* ContentView.swift */ = {isa = PBXFileReference; lastKnownFileType = sourcecode.swift; path = ContentView.swift; sourceTree = "<group>"; };
		7D49ABBE2C23FA9C003551BB /* Assets.xcassets */ = {isa = PBXFileReference; lastKnownFileType = folder.assetcatalog; path = Assets.xcassets; sourceTree = "<group>"; };
		7D49ABC12C23FA9C003551BB /* Preview Assets.xcassets */ = {isa = PBXFileReference; lastKnownFileType = folder.assetcatalog; path = "Preview Assets.xcassets"; sourceTree = "<group>"; };
		7D49ABF22C23FE74003551BB /* LandmarkDetail.swift */ = {isa = PBXFileReference; lastKnownFileType = sourcecode.swift; path = LandmarkDetail.swift; sourceTree = "<group>"; };
		7D49ABF42C2406E1003551BB /* NotificationView.swift */ = {isa = PBXFileReference; lastKnownFileType = sourcecode.swift; path = NotificationView.swift; sourceTree = "<group>"; };
		7D49ABF62C24079F003551BB /* NotificationController.swift */ = {isa = PBXFileReference; lastKnownFileType = sourcecode.swift; path = NotificationController.swift; sourceTree = "<group>"; };
		7D49ABF82C240B0A003551BB /* PushNotificationPayload.apns */ = {isa = PBXFileReference; lastKnownFileType = text; path = PushNotificationPayload.apns; sourceTree = "<group>"; };
		7D49ABFE2C242657003551BB /* MacLandmarks.app */ = {isa = PBXFileReference; explicitFileType = wrapper.application; includeInIndex = 0; path = MacLandmarks.app; sourceTree = BUILT_PRODUCTS_DIR; };
		7D49AC022C242657003551BB /* ContentView.swift */ = {isa = PBXFileReference; lastKnownFileType = sourcecode.swift; path = ContentView.swift; sourceTree = "<group>"; };
		7D49AC042C242658003551BB /* Assets.xcassets */ = {isa = PBXFileReference; lastKnownFileType = folder.assetcatalog; path = Assets.xcassets; sourceTree = "<group>"; };
		7D49AC072C242658003551BB /* Preview Assets.xcassets */ = {isa = PBXFileReference; lastKnownFileType = folder.assetcatalog; path = "Preview Assets.xcassets"; sourceTree = "<group>"; };
		7D49AC092C242658003551BB /* MacLandmarks.entitlements */ = {isa = PBXFileReference; lastKnownFileType = text.plist.entitlements; path = MacLandmarks.entitlements; sourceTree = "<group>"; };
		7D49AC432C24276B003551BB /* LandmarkDetail.swift */ = {isa = PBXFileReference; lastKnownFileType = sourcecode.swift; path = LandmarkDetail.swift; sourceTree = "<group>"; };
		7D49AC452C24574D003551BB /* LandmarkList.swift */ = {isa = PBXFileReference; lastKnownFileType = sourcecode.swift; path = LandmarkList.swift; sourceTree = "<group>"; };
		7D49AC472C2462B9003551BB /* LandmarkCommands.swift */ = {isa = PBXFileReference; lastKnownFileType = sourcecode.swift; path = LandmarkCommands.swift; sourceTree = "<group>"; };
		7D49AC4A2C251420003551BB /* LandmarkSettings.swift */ = {isa = PBXFileReference; lastKnownFileType = sourcecode.swift; path = LandmarkSettings.swift; sourceTree = "<group>"; };
		7D78C6232C21711300C6540F /* BadgeSymbol.swift */ = {isa = PBXFileReference; lastKnownFileType = sourcecode.swift; path = BadgeSymbol.swift; sourceTree = "<group>"; };
		7D78C6252C21715A00C6540F /* RotatedBadgeSymbol.swift */ = {isa = PBXFileReference; lastKnownFileType = sourcecode.swift; path = RotatedBadgeSymbol.swift; sourceTree = "<group>"; };
		7D78C6272C2177DC00C6540F /* Badge.swift */ = {isa = PBXFileReference; lastKnownFileType = sourcecode.swift; path = Badge.swift; sourceTree = "<group>"; };
		7D78C62A2C21A61600C6540F /* hikeData.json */ = {isa = PBXFileReference; lastKnownFileType = text.json; path = hikeData.json; sourceTree = "<group>"; };
		7D78C62C2C21A62A00C6540F /* Hike.swift */ = {isa = PBXFileReference; lastKnownFileType = sourcecode.swift; path = Hike.swift; sourceTree = "<group>"; };
		7D78C62E2C21A70000C6540F /* GraphCapsule.swift */ = {isa = PBXFileReference; lastKnownFileType = sourcecode.swift; path = GraphCapsule.swift; sourceTree = "<group>"; };
		7D78C62F2C21A70000C6540F /* HikeDetail.swift */ = {isa = PBXFileReference; lastKnownFileType = sourcecode.swift; path = HikeDetail.swift; sourceTree = "<group>"; };
		7D78C6302C21A70000C6540F /* HikeGraph.swift */ = {isa = PBXFileReference; lastKnownFileType = sourcecode.swift; path = HikeGraph.swift; sourceTree = "<group>"; };
		7D78C6312C21A70000C6540F /* HikeView.swift */ = {isa = PBXFileReference; lastKnownFileType = sourcecode.swift; path = HikeView.swift; sourceTree = "<group>"; };
		7D78C6382C225A1F00C6540F /* CategoryHome.swift */ = {isa = PBXFileReference; lastKnownFileType = sourcecode.swift; path = CategoryHome.swift; sourceTree = "<group>"; };
		7D832C012C2522990076CC55 /* VisionLandmarks.app */ = {isa = PBXFileReference; explicitFileType = wrapper.application; includeInIndex = 0; path = VisionLandmarks.app; sourceTree = BUILT_PRODUCTS_DIR; };
		7D832C042C2522990076CC55 /* RealityKitContent */ = {isa = PBXFileReference; lastKnownFileType = wrapper; path = RealityKitContent; sourceTree = "<group>"; };
		7D832C092C2522990076CC55 /* ContentView.swift */ = {isa = PBXFileReference; lastKnownFileType = sourcecode.swift; path = ContentView.swift; sourceTree = "<group>"; };
		7D832C0B2C25229A0076CC55 /* Assets.xcassets */ = {isa = PBXFileReference; lastKnownFileType = folder.assetcatalog; path = Assets.xcassets; sourceTree = "<group>"; };
		7D832C0E2C25229A0076CC55 /* Preview Assets.xcassets */ = {isa = PBXFileReference; lastKnownFileType = folder.assetcatalog; path = "Preview Assets.xcassets"; sourceTree = "<group>"; };
		7D832C102C25229A0076CC55 /* Info.plist */ = {isa = PBXFileReference; lastKnownFileType = text.plist.xml; path = Info.plist; sourceTree = "<group>"; };
		7DA6B75D2C202115002EE33D /* Landmarks.app */ = {isa = PBXFileReference; explicitFileType = wrapper.application; includeInIndex = 0; path = Landmarks.app; sourceTree = BUILT_PRODUCTS_DIR; };
		7DA6B7602C202115002EE33D /* LandmarksApp.swift */ = {isa = PBXFileReference; lastKnownFileType = sourcecode.swift; path = LandmarksApp.swift; sourceTree = "<group>"; };
		7DA6B7622C202115002EE33D /* ContentView.swift */ = {isa = PBXFileReference; lastKnownFileType = sourcecode.swift; path = ContentView.swift; sourceTree = "<group>"; };
		7DA6B7642C202116002EE33D /* Assets.xcassets */ = {isa = PBXFileReference; lastKnownFileType = folder.assetcatalog; path = Assets.xcassets; sourceTree = "<group>"; };
		7DA6B7672C202116002EE33D /* Preview Assets.xcassets */ = {isa = PBXFileReference; lastKnownFileType = folder.assetcatalog; path = "Preview Assets.xcassets"; sourceTree = "<group>"; };
		7DA6B78B2C205500002EE33D /* CircleImage.swift */ = {isa = PBXFileReference; lastKnownFileType = sourcecode.swift; path = CircleImage.swift; sourceTree = "<group>"; };
		7DA6B78D2C20565B002EE33D /* MapView.swift */ = {isa = PBXFileReference; lastKnownFileType = sourcecode.swift; path = MapView.swift; sourceTree = "<group>"; };
		7DA6B78F2C210F88002EE33D /* landmarkData.json */ = {isa = PBXFileReference; lastKnownFileType = text.json; path = landmarkData.json; sourceTree = "<group>"; };
		7DA6B7912C210FAD002EE33D /* Landmark.swift */ = {isa = PBXFileReference; lastKnownFileType = sourcecode.swift; path = Landmark.swift; sourceTree = "<group>"; };
		7DA6B7932C21197C002EE33D /* ModelData.swift */ = {isa = PBXFileReference; lastKnownFileType = sourcecode.swift; path = ModelData.swift; sourceTree = "<group>"; };
		7DA6B79A2C211B15002EE33D /* LandmarkRow.swift */ = {isa = PBXFileReference; lastKnownFileType = sourcecode.swift; path = LandmarkRow.swift; sourceTree = "<group>"; };
		7DA6B79C2C21236A002EE33D /* LandmarkList.swift */ = {isa = PBXFileReference; lastKnownFileType = sourcecode.swift; path = LandmarkList.swift; sourceTree = "<group>"; };
		7DA6B79E2C21285F002EE33D /* LandmarkDetail.swift */ = {isa = PBXFileReference; lastKnownFileType = sourcecode.swift; path = LandmarkDetail.swift; sourceTree = "<group>"; };
		7DA6B7A02C21595E002EE33D /* FavoriteButton.swift */ = {isa = PBXFileReference; lastKnownFileType = sourcecode.swift; path = FavoriteButton.swift; sourceTree = "<group>"; };
		7DA6B7A42C216104002EE33D /* HexagonParameters.swift */ = {isa = PBXFileReference; lastKnownFileType = sourcecode.swift; path = HexagonParameters.swift; sourceTree = "<group>"; };
		7DA6B7A62C2161D4002EE33D /* BadgeBackground.swift */ = {isa = PBXFileReference; lastKnownFileType = sourcecode.swift; path = BadgeBackground.swift; sourceTree = "<group>"; };
/* End PBXFileReference section */

/* Begin PBXFrameworksBuildPhase section */
		7D49ABB52C23FA9A003551BB /* Frameworks */ = {
			isa = PBXFrameworksBuildPhase;
			buildActionMask = 2147483647;
			files = (
			);
			runOnlyForDeploymentPostprocessing = 0;
		};
		7D49ABFB2C242657003551BB /* Frameworks */ = {
			isa = PBXFrameworksBuildPhase;
			buildActionMask = 2147483647;
			files = (
			);
			runOnlyForDeploymentPostprocessing = 0;
		};
		7D832BFE2C2522990076CC55 /* Frameworks */ = {
			isa = PBXFrameworksBuildPhase;
			buildActionMask = 2147483647;
			files = (
				7D832C062C2522990076CC55 /* RealityKitContent in Frameworks */,
			);
			runOnlyForDeploymentPostprocessing = 0;
		};
		7DA6B75A2C202115002EE33D /* Frameworks */ = {
			isa = PBXFrameworksBuildPhase;
			buildActionMask = 2147483647;
			files = (
			);
			runOnlyForDeploymentPostprocessing = 0;
		};
/* End PBXFrameworksBuildPhase section */

/* Begin PBXGroup section */
		7D49ABA02C23AC18003551BB /* Profiles */ = {
			isa = PBXGroup;
			children = (
				7D49ABA12C23AC25003551BB /* ProfileHost.swift */,
				7D49ABA32C23B0CB003551BB /* ProfileSummary.swift */,
				7D49ABA72C23BCE1003551BB /* ProfileEditor.swift */,
			);
			path = Profiles;
			sourceTree = "<group>";
		};
		7D49ABA92C23CF2C003551BB /* PageView */ = {
			isa = PBXGroup;
			children = (
				7D49ABAC2C23CF56003551BB /* PageViewController.swift */,
				7D49ABAE2C23D1B3003551BB /* FeatureCard.swift */,
				7D49ABB02C23D2FB003551BB /* PageView.swift */,
				7D49ABB22C23F643003551BB /* PageControl.swift */,
			);
			path = PageView;
			sourceTree = "<group>";
		};
		7D49ABB92C23FA9A003551BB /* WatchLandmarks Watch App */ = {
			isa = PBXGroup;
			children = (
				7D49ABBC2C23FA9A003551BB /* ContentView.swift */,
				7D49ABBE2C23FA9C003551BB /* Assets.xcassets */,
				7D49ABC02C23FA9C003551BB /* Preview Content */,
				7D49ABF22C23FE74003551BB /* LandmarkDetail.swift */,
				7D49ABF42C2406E1003551BB /* NotificationView.swift */,
				7D49ABF62C24079F003551BB /* NotificationController.swift */,
				7D49ABF82C240B0A003551BB /* PushNotificationPayload.apns */,
				7D49AC452C24574D003551BB /* LandmarkList.swift */,
			);
			path = "WatchLandmarks Watch App";
			sourceTree = "<group>";
		};
		7D49ABC02C23FA9C003551BB /* Preview Content */ = {
			isa = PBXGroup;
			children = (
				7D49ABC12C23FA9C003551BB /* Preview Assets.xcassets */,
			);
			path = "Preview Content";
			sourceTree = "<group>";
		};
		7D49ABFF2C242657003551BB /* MacLandmarks */ = {
			isa = PBXGroup;
			children = (
				7D49AC022C242657003551BB /* ContentView.swift */,
				7D49AC042C242658003551BB /* Assets.xcassets */,
				7D49AC092C242658003551BB /* MacLandmarks.entitlements */,
				7D49AC062C242658003551BB /* Preview Content */,
				7D49AC432C24276B003551BB /* LandmarkDetail.swift */,
				7D49AC472C2462B9003551BB /* LandmarkCommands.swift */,
				7D49AC4A2C251420003551BB /* LandmarkSettings.swift */,
			);
			path = MacLandmarks;
			sourceTree = "<group>";
		};
		7D49AC062C242658003551BB /* Preview Content */ = {
			isa = PBXGroup;
			children = (
				7D49AC072C242658003551BB /* Preview Assets.xcassets */,
			);
			path = "Preview Content";
			sourceTree = "<group>";
		};
		7D78C6292C2179CB00C6540F /* Badge */ = {
			isa = PBXGroup;
			children = (
				7DA6B7A62C2161D4002EE33D /* BadgeBackground.swift */,
				7D78C6232C21711300C6540F /* BadgeSymbol.swift */,
				7D78C6252C21715A00C6540F /* RotatedBadgeSymbol.swift */,
				7D78C6272C2177DC00C6540F /* Badge.swift */,
				7DA6B7A42C216104002EE33D /* HexagonParameters.swift */,
			);
			path = Badge;
			sourceTree = "<group>";
		};
		7D78C6322C21A70000C6540F /* Hikes */ = {
			isa = PBXGroup;
			children = (
				7D78C62E2C21A70000C6540F /* GraphCapsule.swift */,
				7D78C62F2C21A70000C6540F /* HikeDetail.swift */,
				7D78C6302C21A70000C6540F /* HikeGraph.swift */,
				7D78C6312C21A70000C6540F /* HikeView.swift */,
				7D49ABA52C23B1BA003551BB /* HikeBadge.swift */,
			);
			path = Hikes;
			sourceTree = "<group>";
		};
		7D78C6372C225A0A00C6540F /* Category */ = {
			isa = PBXGroup;
			children = (
				7D78C6382C225A1F00C6540F /* CategoryHome.swift */,
				7D49AB9A2C22CF5C003551BB /* CategoryRow.swift */,
				7D49AB9C2C22D19A003551BB /* CategoryItem.swift */,
			);
			path = Category;
			sourceTree = "<group>";
		};
		7D832C022C2522990076CC55 /* VisionLandmarks */ = {
			isa = PBXGroup;
			children = (
				7D832C092C2522990076CC55 /* ContentView.swift */,
				7D832C0B2C25229A0076CC55 /* Assets.xcassets */,
				7D832C102C25229A0076CC55 /* Info.plist */,
				7D832C0D2C25229A0076CC55 /* Preview Content */,
			);
			path = VisionLandmarks;
			sourceTree = "<group>";
		};
		7D832C032C2522990076CC55 /* Packages */ = {
			isa = PBXGroup;
			children = (
				7D832C042C2522990076CC55 /* RealityKitContent */,
			);
			path = Packages;
			sourceTree = "<group>";
		};
		7D832C0D2C25229A0076CC55 /* Preview Content */ = {
			isa = PBXGroup;
			children = (
				7D832C0E2C25229A0076CC55 /* Preview Assets.xcassets */,
			);
			path = "Preview Content";
			sourceTree = "<group>";
		};
		7DA6B7542C202115002EE33D = {
			isa = PBXGroup;
			children = (
				7DA6B75F2C202115002EE33D /* Landmarks */,
				7D49ABB92C23FA9A003551BB /* WatchLandmarks Watch App */,
				7D49ABFF2C242657003551BB /* MacLandmarks */,
				7D832C022C2522990076CC55 /* VisionLandmarks */,
				7D832C032C2522990076CC55 /* Packages */,
				7DA6B75E2C202115002EE33D /* Products */,
			);
			sourceTree = "<group>";
		};
		7DA6B75E2C202115002EE33D /* Products */ = {
			isa = PBXGroup;
			children = (
				7DA6B75D2C202115002EE33D /* Landmarks.app */,
				7D49ABB82C23FA9A003551BB /* WatchLandmarks Watch App.app */,
				7D49ABFE2C242657003551BB /* MacLandmarks.app */,
				7D832C012C2522990076CC55 /* VisionLandmarks.app */,
			);
			name = Products;
			sourceTree = "<group>";
		};
		7DA6B75F2C202115002EE33D /* Landmarks */ = {
			isa = PBXGroup;
			children = (
				7DA6B7602C202115002EE33D /* LandmarksApp.swift */,
				7DA6B7642C202116002EE33D /* Assets.xcassets */,
				7D78C6322C21A70000C6540F /* Hikes */,
				7DA6B7982C211AB3002EE33D /* Model */,
				7DA6B7992C211AC1002EE33D /* Resources */,
				7DA6B7972C211AA1002EE33D /* Views */,
				7DA6B7662C202116002EE33D /* Preview Content */,
			);
			path = Landmarks;
			sourceTree = "<group>";
		};
		7DA6B7662C202116002EE33D /* Preview Content */ = {
			isa = PBXGroup;
			children = (
				7DA6B7672C202116002EE33D /* Preview Assets.xcassets */,
			);
			path = "Preview Content";
			sourceTree = "<group>";
		};
		7DA6B7972C211AA1002EE33D /* Views */ = {
			isa = PBXGroup;
			children = (
				7D49ABA92C23CF2C003551BB /* PageView */,
				7D49ABA02C23AC18003551BB /* Profiles */,
				7D78C6372C225A0A00C6540F /* Category */,
				7DA6B7622C202115002EE33D /* ContentView.swift */,
				7DA6B7A22C2159F3002EE33D /* Helpers */,
				7DA6B7A32C2159FF002EE33D /* Landmarks */,
				7D78C6292C2179CB00C6540F /* Badge */,
			);
			path = Views;
			sourceTree = "<group>";
		};
		7DA6B7982C211AB3002EE33D /* Model */ = {
			isa = PBXGroup;
			children = (
				7DA6B7912C210FAD002EE33D /* Landmark.swift */,
				7DA6B7932C21197C002EE33D /* ModelData.swift */,
				7D78C62C2C21A62A00C6540F /* Hike.swift */,
				7D49AB9E2C23ABB4003551BB /* Profile.swift */,
			);
			path = Model;
			sourceTree = "<group>";
		};
		7DA6B7992C211AC1002EE33D /* Resources */ = {
			isa = PBXGroup;
			children = (
				7DA6B78F2C210F88002EE33D /* landmarkData.json */,
				7D78C62A2C21A61600C6540F /* hikeData.json */,
			);
			path = Resources;
			sourceTree = "<group>";
		};
		7DA6B7A22C2159F3002EE33D /* Helpers */ = {
			isa = PBXGroup;
			children = (
				7DA6B78B2C205500002EE33D /* CircleImage.swift */,
				7DA6B78D2C20565B002EE33D /* MapView.swift */,
				7DA6B7A02C21595E002EE33D /* FavoriteButton.swift */,
			);
			path = Helpers;
			sourceTree = "<group>";
		};
		7DA6B7A32C2159FF002EE33D /* Landmarks */ = {
			isa = PBXGroup;
			children = (
				7DA6B79A2C211B15002EE33D /* LandmarkRow.swift */,
				7DA6B79C2C21236A002EE33D /* LandmarkList.swift */,
				7DA6B79E2C21285F002EE33D /* LandmarkDetail.swift */,
			);
			path = Landmarks;
			sourceTree = "<group>";
		};
/* End PBXGroup section */

/* Begin PBXNativeTarget section */
		7D49ABB72C23FA9A003551BB /* WatchLandmarks Watch App */ = {
			isa = PBXNativeTarget;
			buildConfigurationList = 7D49ABDC2C23FA9C003551BB /* Build configuration list for PBXNativeTarget "WatchLandmarks Watch App" */;
			buildPhases = (
				7D49ABB42C23FA9A003551BB /* Sources */,
				7D49ABB52C23FA9A003551BB /* Frameworks */,
				7D49ABB62C23FA9A003551BB /* Resources */,
			);
			buildRules = (
			);
			dependencies = (
			);
			name = "WatchLandmarks Watch App";
			productName = "WatchLandmarks Watch App";
			productReference = 7D49ABB82C23FA9A003551BB /* WatchLandmarks Watch App.app */;
			productType = "com.apple.product-type.application";
		};
		7D49ABFD2C242657003551BB /* MacLandmarks */ = {
			isa = PBXNativeTarget;
			buildConfigurationList = 7D49AC202C242659003551BB /* Build configuration list for PBXNativeTarget "MacLandmarks" */;
			buildPhases = (
				7D49ABFA2C242657003551BB /* Sources */,
				7D49ABFB2C242657003551BB /* Frameworks */,
				7D49ABFC2C242657003551BB /* Resources */,
			);
			buildRules = (
			);
			dependencies = (
			);
			name = MacLandmarks;
			productName = MacLandmarks;
			productReference = 7D49ABFE2C242657003551BB /* MacLandmarks.app */;
			productType = "com.apple.product-type.application";
		};
		7D832C002C2522990076CC55 /* VisionLandmarks */ = {
			isa = PBXNativeTarget;
			buildConfigurationList = 7D832C132C25229A0076CC55 /* Build configuration list for PBXNativeTarget "VisionLandmarks" */;
			buildPhases = (
				7D832BFD2C2522990076CC55 /* Sources */,
				7D832BFE2C2522990076CC55 /* Frameworks */,
				7D832BFF2C2522990076CC55 /* Resources */,
			);
			buildRules = (
			);
			dependencies = (
			);
			name = VisionLandmarks;
			packageProductDependencies = (
				7D832C052C2522990076CC55 /* RealityKitContent */,
			);
			productName = VisionLandmarks;
			productReference = 7D832C012C2522990076CC55 /* VisionLandmarks.app */;
			productType = "com.apple.product-type.application";
		};
		7DA6B75C2C202115002EE33D /* Landmarks */ = {
			isa = PBXNativeTarget;
			buildConfigurationList = 7DA6B7812C202116002EE33D /* Build configuration list for PBXNativeTarget "Landmarks" */;
			buildPhases = (
				7DA6B7592C202115002EE33D /* Sources */,
				7DA6B75A2C202115002EE33D /* Frameworks */,
				7DA6B75B2C202115002EE33D /* Resources */,
				7D49ABDF2C23FA9C003551BB /* Embed Watch Content */,
			);
			buildRules = (
			);
			dependencies = (
				7D49ABDA2C23FA9C003551BB /* PBXTargetDependency */,
			);
			name = Landmarks;
			productName = Landmarks;
			productReference = 7DA6B75D2C202115002EE33D /* Landmarks.app */;
			productType = "com.apple.product-type.application";
		};
/* End PBXNativeTarget section */

/* Begin PBXProject section */
		7DA6B7552C202115002EE33D /* Project object */ = {
			isa = PBXProject;
			attributes = {
				BuildIndependentTargetsInParallel = 1;
				LastSwiftUpdateCheck = 1600;
				LastUpgradeCheck = 1600;
				TargetAttributes = {
					7D49ABB72C23FA9A003551BB = {
						CreatedOnToolsVersion = 16.0;
					};
					7D49ABFD2C242657003551BB = {
						CreatedOnToolsVersion = 16.0;
					};
					7D832C002C2522990076CC55 = {
						CreatedOnToolsVersion = 16.0;
					};
					7DA6B75C2C202115002EE33D = {
						CreatedOnToolsVersion = 16.0;
					};
				};
			};
			buildConfigurationList = 7DA6B7582C202115002EE33D /* Build configuration list for PBXProject "Landmarks" */;
			compatibilityVersion = "Xcode 15.0";
			developmentRegion = en;
			hasScannedForEncodings = 0;
			knownRegions = (
				en,
				Base,
			);
			mainGroup = 7DA6B7542C202115002EE33D;
			productRefGroup = 7DA6B75E2C202115002EE33D /* Products */;
			projectDirPath = "";
			projectRoot = "";
			targets = (
				7DA6B75C2C202115002EE33D /* Landmarks */,
				7D49ABB72C23FA9A003551BB /* WatchLandmarks Watch App */,
				7D49ABFD2C242657003551BB /* MacLandmarks */,
				7D832C002C2522990076CC55 /* VisionLandmarks */,
			);
		};
/* End PBXProject section */

/* Begin PBXResourcesBuildPhase section */
		7D49ABB62C23FA9A003551BB /* Resources */ = {
			isa = PBXResourcesBuildPhase;
			buildActionMask = 2147483647;
			files = (
				7D49ABEF2C23FC24003551BB /* Assets.xcassets in Resources */,
				7D49ABF02C23FC24003551BB /* landmarkData.json in Resources */,
				7D49ABF12C23FC24003551BB /* hikeData.json in Resources */,
				7D49ABC22C23FA9C003551BB /* Preview Assets.xcassets in Resources */,
				7D49ABBF2C23FA9C003551BB /* Assets.xcassets in Resources */,
			);
			runOnlyForDeploymentPostprocessing = 0;
		};
		7D49ABFC2C242657003551BB /* Resources */ = {
			isa = PBXResourcesBuildPhase;
			buildActionMask = 2147483647;
			files = (
				7D49AC082C242658003551BB /* Preview Assets.xcassets in Resources */,
				7D49AC402C2426D0003551BB /* landmarkData.json in Resources */,
				7D49AC412C2426D0003551BB /* hikeData.json in Resources */,
				7D49AC422C2426D0003551BB /* Assets.xcassets in Resources */,
				7D49AC052C242658003551BB /* Assets.xcassets in Resources */,
			);
			runOnlyForDeploymentPostprocessing = 0;
		};
		7D832BFF2C2522990076CC55 /* Resources */ = {
			isa = PBXResourcesBuildPhase;
			buildActionMask = 2147483647;
			files = (
				7D832C182C25266D0076CC55 /* hikeData.json in Resources */,
				7D832C192C25266D0076CC55 /* landmarkData.json in Resources */,
				7D832C0F2C25229A0076CC55 /* Preview Assets.xcassets in Resources */,
				7D832C0C2C25229A0076CC55 /* Assets.xcassets in Resources */,
				7D832C202C2526950076CC55 /* Assets.xcassets in Resources */,
			);
			runOnlyForDeploymentPostprocessing = 0;
		};
		7DA6B75B2C202115002EE33D /* Resources */ = {
			isa = PBXResourcesBuildPhase;
			buildActionMask = 2147483647;
			files = (
				7D78C62B2C21A61600C6540F /* hikeData.json in Resources */,
				7DA6B7682C202116002EE33D /* Preview Assets.xcassets in Resources */,
				7DA6B7652C202116002EE33D /* Assets.xcassets in Resources */,
				7DA6B7902C210F88002EE33D /* landmarkData.json in Resources */,
			);
			runOnlyForDeploymentPostprocessing = 0;
		};
/* End PBXResourcesBuildPhase section */

/* Begin PBXSourcesBuildPhase section */
		7D49ABB42C23FA9A003551BB /* Sources */ = {
			isa = PBXSourcesBuildPhase;
			buildActionMask = 2147483647;
			files = (
				7D49ABBD2C23FA9A003551BB /* ContentView.swift in Sources */,
				7D49ABE62C23FC24003551BB /* LandmarksApp.swift in Sources */,
				7D49ABE72C23FC24003551BB /* LandmarkRow.swift in Sources */,
				7D49AC462C24574D003551BB /* LandmarkList.swift in Sources */,
				7D49ABE82C23FC24003551BB /* MapView.swift in Sources */,
				7D49ABE92C23FC24003551BB /* Landmark.swift in Sources */,
				7D49ABEA2C23FC24003551BB /* CircleImage.swift in Sources */,
				7D49ABEB2C23FC24003551BB /* ModelData.swift in Sources */,
				7D49ABED2C23FC24003551BB /* Hike.swift in Sources */,
				7D49ABF72C24079F003551BB /* NotificationController.swift in Sources */,
				7D49ABEE2C23FC24003551BB /* Profile.swift in Sources */,
				7D49ABF32C23FE74003551BB /* LandmarkDetail.swift in Sources */,
				7D49ABF52C2406E1003551BB /* NotificationView.swift in Sources */,
			);
			runOnlyForDeploymentPostprocessing = 0;
		};
		7D49ABFA2C242657003551BB /* Sources */ = {
			isa = PBXSourcesBuildPhase;
			buildActionMask = 2147483647;
			files = (
				7D49AC362C2426D0003551BB /* ModelData.swift in Sources */,
				7D49AC372C2426D0003551BB /* CircleImage.swift in Sources */,
				7D49AC4B2C251420003551BB /* LandmarkSettings.swift in Sources */,
				7D49AC382C2426D0003551BB /* LandmarksApp.swift in Sources */,
				7D49AC392C2426D0003551BB /* MapView.swift in Sources */,
				7D49AC482C2462B9003551BB /* LandmarkCommands.swift in Sources */,
				7D49AC442C24276B003551BB /* LandmarkDetail.swift in Sources */,
				7D49AC3A2C2426D0003551BB /* Hike.swift in Sources */,
				7D49AC3B2C2426D0003551BB /* LandmarkList.swift in Sources */,
				7D49AC3C2C2426D0003551BB /* Landmark.swift in Sources */,
				7D49AC3D2C2426D0003551BB /* FavoriteButton.swift in Sources */,
				7D49AC3E2C2426D0003551BB /* Profile.swift in Sources */,
				7D49AC3F2C2426D0003551BB /* LandmarkRow.swift in Sources */,
				7D49AC032C242657003551BB /* ContentView.swift in Sources */,
			);
			runOnlyForDeploymentPostprocessing = 0;
		};
		7D832BFD2C2522990076CC55 /* Sources */ = {
			isa = PBXSourcesBuildPhase;
			buildActionMask = 2147483647;
			files = (
				7D832C0A2C2522990076CC55 /* ContentView.swift in Sources */,
				7D832C142C2526660076CC55 /* Landmark.swift in Sources */,
				7D832C1A2C2526840076CC55 /* MapView.swift in Sources */,
				7D832C1B2C2526840076CC55 /* FavoriteButton.swift in Sources */,
				7D832C1D2C25268F0076CC55 /* LandmarkRow.swift in Sources */,
				7D832C1E2C25268F0076CC55 /* LandmarkList.swift in Sources */,
				7D832C1F2C25268F0076CC55 /* LandmarkDetail.swift in Sources */,
				7D832C1C2C2526840076CC55 /* CircleImage.swift in Sources */,
				7D832C152C2526660076CC55 /* ModelData.swift in Sources */,
				7D832C212C25269C0076CC55 /* LandmarksApp.swift in Sources */,
				7D832C162C2526660076CC55 /* Hike.swift in Sources */,
				7D832C172C2526660076CC55 /* Profile.swift in Sources */,
			);
			runOnlyForDeploymentPostprocessing = 0;
		};
		7DA6B7592C202115002EE33D /* Sources */ = {
			isa = PBXSourcesBuildPhase;
			buildActionMask = 2147483647;
			files = (
				7D49AB9B2C22CF5C003551BB /* CategoryRow.swift in Sources */,
				7D49AB9F2C23ABB4003551BB /* Profile.swift in Sources */,
				7D49AC492C2462B9003551BB /* LandmarkCommands.swift in Sources */,
				7DA6B7632C202115002EE33D /* ContentView.swift in Sources */,
				7D78C6392C225A1F00C6540F /* CategoryHome.swift in Sources */,
				7D49ABAF2C23D1B3003551BB /* FeatureCard.swift in Sources */,
				7D78C6282C2177DC00C6540F /* Badge.swift in Sources */,
				7DA6B78E2C20565B002EE33D /* MapView.swift in Sources */,
				7DA6B7612C202115002EE33D /* LandmarksApp.swift in Sources */,
				7DA6B7A12C21595E002EE33D /* FavoriteButton.swift in Sources */,
				7DA6B7A52C216104002EE33D /* HexagonParameters.swift in Sources */,
				7D49ABB32C23F643003551BB /* PageControl.swift in Sources */,
				7D78C62D2C21A62A00C6540F /* Hike.swift in Sources */,
				7D49AB9D2C22D19A003551BB /* CategoryItem.swift in Sources */,
				7D78C6262C21715A00C6540F /* RotatedBadgeSymbol.swift in Sources */,
				7D49ABA42C23B0CB003551BB /* ProfileSummary.swift in Sources */,
				7D78C6242C21711300C6540F /* BadgeSymbol.swift in Sources */,
				7D49ABA22C23AC25003551BB /* ProfileHost.swift in Sources */,
				7DA6B79D2C21236A002EE33D /* LandmarkList.swift in Sources */,
				7DA6B79F2C21285F002EE33D /* LandmarkDetail.swift in Sources */,
				7D49ABB12C23D2FB003551BB /* PageView.swift in Sources */,
				7DA6B7A72C2161D4002EE33D /* BadgeBackground.swift in Sources */,
				7D49ABA82C23BCE1003551BB /* ProfileEditor.swift in Sources */,
				7DA6B78C2C205500002EE33D /* CircleImage.swift in Sources */,
				7DA6B7922C210FAD002EE33D /* Landmark.swift in Sources */,
				7DA6B79B2C211B15002EE33D /* LandmarkRow.swift in Sources */,
				7D49ABAD2C23CF56003551BB /* PageViewController.swift in Sources */,
				7D78C6332C21A70000C6540F /* HikeView.swift in Sources */,
				7D49ABA62C23B1BA003551BB /* HikeBadge.swift in Sources */,
				7D78C6342C21A70000C6540F /* GraphCapsule.swift in Sources */,
				7D78C6352C21A70000C6540F /* HikeDetail.swift in Sources */,
				7D78C6362C21A70000C6540F /* HikeGraph.swift in Sources */,
				7DA6B7942C21197C002EE33D /* ModelData.swift in Sources */,
			);
			runOnlyForDeploymentPostprocessing = 0;
		};
/* End PBXSourcesBuildPhase section */

/* Begin PBXTargetDependency section */
		7D49ABDA2C23FA9C003551BB /* PBXTargetDependency */ = {
			isa = PBXTargetDependency;
			target = 7D49ABB72C23FA9A003551BB /* WatchLandmarks Watch App */;
			targetProxy = 7D49ABD92C23FA9C003551BB /* PBXContainerItemProxy */;
		};
/* End PBXTargetDependency section */

/* Begin XCBuildConfiguration section */
		7D49ABDD2C23FA9C003551BB /* Debug */ = {
			isa = XCBuildConfiguration;
			buildSettings = {
				ASSETCATALOG_COMPILER_APPICON_NAME = AppIcon;
				ASSETCATALOG_COMPILER_GLOBAL_ACCENT_COLOR_NAME = AccentColor;
				CODE_SIGN_STYLE = Automatic;
				CURRENT_PROJECT_VERSION = 1;
				DEVELOPMENT_ASSET_PATHS = "\"WatchLandmarks Watch App/Preview Content\"";
				DEVELOPMENT_TEAM = 4XBP3H82S7;
				ENABLE_PREVIEWS = YES;
				GENERATE_INFOPLIST_FILE = YES;
				INFOPLIST_KEY_CFBundleDisplayName = WatchLandmarks;
				INFOPLIST_KEY_UISupportedInterfaceOrientations = "UIInterfaceOrientationPortrait UIInterfaceOrientationPortraitUpsideDown";
				INFOPLIST_KEY_WKCompanionAppBundleIdentifier = dev.kingu.swiftui.tutorials.Landmarks;
				INFOPLIST_KEY_WKRunsIndependentlyOfCompanionApp = YES;
				LD_RUNPATH_SEARCH_PATHS = (
					"$(inherited)",
					"@executable_path/Frameworks",
				);
				MARKETING_VERSION = 1.0;
				PRODUCT_BUNDLE_IDENTIFIER = dev.kingu.swiftui.tutorials.Landmarks.watchkitapp;
				PRODUCT_NAME = "$(TARGET_NAME)";
				SDKROOT = watchos;
				SKIP_INSTALL = YES;
				SWIFT_EMIT_LOC_STRINGS = YES;
				SWIFT_VERSION = 5.0;
				TARGETED_DEVICE_FAMILY = 4;
				WATCHOS_DEPLOYMENT_TARGET = 11.0;
			};
			name = Debug;
		};
		7D49ABDE2C23FA9C003551BB /* Release */ = {
			isa = XCBuildConfiguration;
			buildSettings = {
				ASSETCATALOG_COMPILER_APPICON_NAME = AppIcon;
				ASSETCATALOG_COMPILER_GLOBAL_ACCENT_COLOR_NAME = AccentColor;
				CODE_SIGN_STYLE = Automatic;
				CURRENT_PROJECT_VERSION = 1;
				DEVELOPMENT_ASSET_PATHS = "\"WatchLandmarks Watch App/Preview Content\"";
				DEVELOPMENT_TEAM = 4XBP3H82S7;
				ENABLE_PREVIEWS = YES;
				GENERATE_INFOPLIST_FILE = YES;
				INFOPLIST_KEY_CFBundleDisplayName = WatchLandmarks;
				INFOPLIST_KEY_UISupportedInterfaceOrientations = "UIInterfaceOrientationPortrait UIInterfaceOrientationPortraitUpsideDown";
				INFOPLIST_KEY_WKCompanionAppBundleIdentifier = dev.kingu.swiftui.tutorials.Landmarks;
				INFOPLIST_KEY_WKRunsIndependentlyOfCompanionApp = YES;
				LD_RUNPATH_SEARCH_PATHS = (
					"$(inherited)",
					"@executable_path/Frameworks",
				);
				MARKETING_VERSION = 1.0;
				PRODUCT_BUNDLE_IDENTIFIER = dev.kingu.swiftui.tutorials.Landmarks.watchkitapp;
				PRODUCT_NAME = "$(TARGET_NAME)";
				SDKROOT = watchos;
				SKIP_INSTALL = YES;
				SWIFT_EMIT_LOC_STRINGS = YES;
				SWIFT_VERSION = 5.0;
				TARGETED_DEVICE_FAMILY = 4;
				WATCHOS_DEPLOYMENT_TARGET = 11.0;
			};
			name = Release;
		};
		7D49AC212C242659003551BB /* Debug */ = {
			isa = XCBuildConfiguration;
			buildSettings = {
				ASSETCATALOG_COMPILER_APPICON_NAME = AppIcon;
				ASSETCATALOG_COMPILER_GLOBAL_ACCENT_COLOR_NAME = AccentColor;
				CODE_SIGN_ENTITLEMENTS = MacLandmarks/MacLandmarks.entitlements;
				CODE_SIGN_STYLE = Automatic;
				COMBINE_HIDPI_IMAGES = YES;
				CURRENT_PROJECT_VERSION = 1;
				DEVELOPMENT_ASSET_PATHS = "\"MacLandmarks/Preview Content\"";
				DEVELOPMENT_TEAM = 4XBP3H82S7;
				ENABLE_HARDENED_RUNTIME = YES;
				ENABLE_PREVIEWS = YES;
				GENERATE_INFOPLIST_FILE = YES;
				INFOPLIST_KEY_NSHumanReadableCopyright = "";
				LD_RUNPATH_SEARCH_PATHS = (
					"$(inherited)",
					"@executable_path/../Frameworks",
				);
				MACOSX_DEPLOYMENT_TARGET = 15.0;
				MARKETING_VERSION = 1.0;
				PRODUCT_BUNDLE_IDENTIFIER = dev.kingu.swiftui.tutorials.MacLandmarks;
				PRODUCT_NAME = "$(TARGET_NAME)";
				SDKROOT = macosx;
				SWIFT_EMIT_LOC_STRINGS = YES;
				SWIFT_VERSION = 5.0;
			};
			name = Debug;
		};
		7D49AC222C242659003551BB /* Release */ = {
			isa = XCBuildConfiguration;
			buildSettings = {
				ASSETCATALOG_COMPILER_APPICON_NAME = AppIcon;
				ASSETCATALOG_COMPILER_GLOBAL_ACCENT_COLOR_NAME = AccentColor;
				CODE_SIGN_ENTITLEMENTS = MacLandmarks/MacLandmarks.entitlements;
				CODE_SIGN_STYLE = Automatic;
				COMBINE_HIDPI_IMAGES = YES;
				CURRENT_PROJECT_VERSION = 1;
				DEVELOPMENT_ASSET_PATHS = "\"MacLandmarks/Preview Content\"";
				DEVELOPMENT_TEAM = 4XBP3H82S7;
				ENABLE_HARDENED_RUNTIME = YES;
				ENABLE_PREVIEWS = YES;
				GENERATE_INFOPLIST_FILE = YES;
				INFOPLIST_KEY_NSHumanReadableCopyright = "";
				LD_RUNPATH_SEARCH_PATHS = (
					"$(inherited)",
					"@executable_path/../Frameworks",
				);
				MACOSX_DEPLOYMENT_TARGET = 15.0;
				MARKETING_VERSION = 1.0;
				PRODUCT_BUNDLE_IDENTIFIER = dev.kingu.swiftui.tutorials.MacLandmarks;
				PRODUCT_NAME = "$(TARGET_NAME)";
				SDKROOT = macosx;
				SWIFT_EMIT_LOC_STRINGS = YES;
				SWIFT_VERSION = 5.0;
			};
			name = Release;
		};
		7D832C112C25229A0076CC55 /* Debug */ = {
			isa = XCBuildConfiguration;
			buildSettings = {
				ASSETCATALOG_COMPILER_APPICON_NAME = AppIcon;
				ASSETCATALOG_COMPILER_GLOBAL_ACCENT_COLOR_NAME = AccentColor;
				CODE_SIGN_STYLE = Automatic;
				CURRENT_PROJECT_VERSION = 1;
				DEVELOPMENT_ASSET_PATHS = "\"VisionLandmarks/Preview Content\"";
				DEVELOPMENT_TEAM = 4XBP3H82S7;
				ENABLE_PREVIEWS = YES;
				GENERATE_INFOPLIST_FILE = YES;
				INFOPLIST_FILE = "$(TARGET_NAME)/Info.plist";
				LD_RUNPATH_SEARCH_PATHS = (
					"$(inherited)",
					"@executable_path/Frameworks",
				);
				MARKETING_VERSION = 1.0;
				PRODUCT_BUNDLE_IDENTIFIER = dev.kingu.swiftui.tutorials.VisionLandmarks;
				PRODUCT_NAME = "$(TARGET_NAME)";
				SDKROOT = xros;
				SUPPORTED_PLATFORMS = "xros xrsimulator";
				SWIFT_EMIT_LOC_STRINGS = YES;
				SWIFT_VERSION = 5.0;
				TARGETED_DEVICE_FAMILY = 7;
				XROS_DEPLOYMENT_TARGET = 2.0;
			};
			name = Debug;
		};
		7D832C122C25229A0076CC55 /* Release */ = {
			isa = XCBuildConfiguration;
			buildSettings = {
				ASSETCATALOG_COMPILER_APPICON_NAME = AppIcon;
				ASSETCATALOG_COMPILER_GLOBAL_ACCENT_COLOR_NAME = AccentColor;
				CODE_SIGN_STYLE = Automatic;
				CURRENT_PROJECT_VERSION = 1;
				DEVELOPMENT_ASSET_PATHS = "\"VisionLandmarks/Preview Content\"";
				DEVELOPMENT_TEAM = 4XBP3H82S7;
				ENABLE_PREVIEWS = YES;
				GENERATE_INFOPLIST_FILE = YES;
				INFOPLIST_FILE = "$(TARGET_NAME)/Info.plist";
				LD_RUNPATH_SEARCH_PATHS = (
					"$(inherited)",
					"@executable_path/Frameworks",
				);
				MARKETING_VERSION = 1.0;
				PRODUCT_BUNDLE_IDENTIFIER = dev.kingu.swiftui.tutorials.VisionLandmarks;
				PRODUCT_NAME = "$(TARGET_NAME)";
				SDKROOT = xros;
				SUPPORTED_PLATFORMS = "xros xrsimulator";
				SWIFT_EMIT_LOC_STRINGS = YES;
				SWIFT_VERSION = 5.0;
				TARGETED_DEVICE_FAMILY = 7;
				XROS_DEPLOYMENT_TARGET = 2.0;
			};
			name = Release;
		};
		7DA6B77F2C202116002EE33D /* Debug */ = {
			isa = XCBuildConfiguration;
			buildSettings = {
				ALWAYS_SEARCH_USER_PATHS = NO;
				ASSETCATALOG_COMPILER_GENERATE_SWIFT_ASSET_SYMBOL_EXTENSIONS = YES;
				CLANG_ANALYZER_NONNULL = YES;
				CLANG_ANALYZER_NUMBER_OBJECT_CONVERSION = YES_AGGRESSIVE;
				CLANG_CXX_LANGUAGE_STANDARD = "gnu++20";
				CLANG_ENABLE_MODULES = YES;
				CLANG_ENABLE_OBJC_ARC = YES;
				CLANG_ENABLE_OBJC_WEAK = YES;
				CLANG_WARN_BLOCK_CAPTURE_AUTORELEASING = YES;
				CLANG_WARN_BOOL_CONVERSION = YES;
				CLANG_WARN_COMMA = YES;
				CLANG_WARN_CONSTANT_CONVERSION = YES;
				CLANG_WARN_DEPRECATED_OBJC_IMPLEMENTATIONS = YES;
				CLANG_WARN_DIRECT_OBJC_ISA_USAGE = YES_ERROR;
				CLANG_WARN_DOCUMENTATION_COMMENTS = YES;
				CLANG_WARN_EMPTY_BODY = YES;
				CLANG_WARN_ENUM_CONVERSION = YES;
				CLANG_WARN_INFINITE_RECURSION = YES;
				CLANG_WARN_INT_CONVERSION = YES;
				CLANG_WARN_NON_LITERAL_NULL_CONVERSION = YES;
				CLANG_WARN_OBJC_IMPLICIT_RETAIN_SELF = YES;
				CLANG_WARN_OBJC_LITERAL_CONVERSION = YES;
				CLANG_WARN_OBJC_ROOT_CLASS = YES_ERROR;
				CLANG_WARN_QUOTED_INCLUDE_IN_FRAMEWORK_HEADER = YES;
				CLANG_WARN_RANGE_LOOP_ANALYSIS = YES;
				CLANG_WARN_STRICT_PROTOTYPES = YES;
				CLANG_WARN_SUSPICIOUS_MOVE = YES;
				CLANG_WARN_UNGUARDED_AVAILABILITY = YES_AGGRESSIVE;
				CLANG_WARN_UNREACHABLE_CODE = YES;
				CLANG_WARN__DUPLICATE_METHOD_MATCH = YES;
				COPY_PHASE_STRIP = NO;
				DEBUG_INFORMATION_FORMAT = dwarf;
				ENABLE_STRICT_OBJC_MSGSEND = YES;
				ENABLE_TESTABILITY = YES;
				ENABLE_USER_SCRIPT_SANDBOXING = YES;
				GCC_C_LANGUAGE_STANDARD = gnu17;
				GCC_DYNAMIC_NO_PIC = NO;
				GCC_NO_COMMON_BLOCKS = YES;
				GCC_OPTIMIZATION_LEVEL = 0;
				GCC_PREPROCESSOR_DEFINITIONS = (
					"DEBUG=1",
					"$(inherited)",
				);
				GCC_WARN_64_TO_32_BIT_CONVERSION = YES;
				GCC_WARN_ABOUT_RETURN_TYPE = YES_ERROR;
				GCC_WARN_UNDECLARED_SELECTOR = YES;
				GCC_WARN_UNINITIALIZED_AUTOS = YES_AGGRESSIVE;
				GCC_WARN_UNUSED_FUNCTION = YES;
				GCC_WARN_UNUSED_VARIABLE = YES;
				IPHONEOS_DEPLOYMENT_TARGET = 18.0;
				LOCALIZATION_PREFERS_STRING_CATALOGS = YES;
				MTL_ENABLE_DEBUG_INFO = INCLUDE_SOURCE;
				MTL_FAST_MATH = YES;
				ONLY_ACTIVE_ARCH = YES;
				SDKROOT = iphoneos;
				SWIFT_ACTIVE_COMPILATION_CONDITIONS = "DEBUG $(inherited)";
				SWIFT_OPTIMIZATION_LEVEL = "-Onone";
			};
			name = Debug;
		};
		7DA6B7802C202116002EE33D /* Release */ = {
			isa = XCBuildConfiguration;
			buildSettings = {
				ALWAYS_SEARCH_USER_PATHS = NO;
				ASSETCATALOG_COMPILER_GENERATE_SWIFT_ASSET_SYMBOL_EXTENSIONS = YES;
				CLANG_ANALYZER_NONNULL = YES;
				CLANG_ANALYZER_NUMBER_OBJECT_CONVERSION = YES_AGGRESSIVE;
				CLANG_CXX_LANGUAGE_STANDARD = "gnu++20";
				CLANG_ENABLE_MODULES = YES;
				CLANG_ENABLE_OBJC_ARC = YES;
				CLANG_ENABLE_OBJC_WEAK = YES;
				CLANG_WARN_BLOCK_CAPTURE_AUTORELEASING = YES;
				CLANG_WARN_BOOL_CONVERSION = YES;
				CLANG_WARN_COMMA = YES;
				CLANG_WARN_CONSTANT_CONVERSION = YES;
				CLANG_WARN_DEPRECATED_OBJC_IMPLEMENTATIONS = YES;
				CLANG_WARN_DIRECT_OBJC_ISA_USAGE = YES_ERROR;
				CLANG_WARN_DOCUMENTATION_COMMENTS = YES;
				CLANG_WARN_EMPTY_BODY = YES;
				CLANG_WARN_ENUM_CONVERSION = YES;
				CLANG_WARN_INFINITE_RECURSION = YES;
				CLANG_WARN_INT_CONVERSION = YES;
				CLANG_WARN_NON_LITERAL_NULL_CONVERSION = YES;
				CLANG_WARN_OBJC_IMPLICIT_RETAIN_SELF = YES;
				CLANG_WARN_OBJC_LITERAL_CONVERSION = YES;
				CLANG_WARN_OBJC_ROOT_CLASS = YES_ERROR;
				CLANG_WARN_QUOTED_INCLUDE_IN_FRAMEWORK_HEADER = YES;
				CLANG_WARN_RANGE_LOOP_ANALYSIS = YES;
				CLANG_WARN_STRICT_PROTOTYPES = YES;
				CLANG_WARN_SUSPICIOUS_MOVE = YES;
				CLANG_WARN_UNGUARDED_AVAILABILITY = YES_AGGRESSIVE;
				CLANG_WARN_UNREACHABLE_CODE = YES;
				CLANG_WARN__DUPLICATE_METHOD_MATCH = YES;
				COPY_PHASE_STRIP = NO;
				DEBUG_INFORMATION_FORMAT = "dwarf-with-dsym";
				ENABLE_NS_ASSERTIONS = NO;
				ENABLE_STRICT_OBJC_MSGSEND = YES;
				ENABLE_USER_SCRIPT_SANDBOXING = YES;
				GCC_C_LANGUAGE_STANDARD = gnu17;
				GCC_NO_COMMON_BLOCKS = YES;
				GCC_WARN_64_TO_32_BIT_CONVERSION = YES;
				GCC_WARN_ABOUT_RETURN_TYPE = YES_ERROR;
				GCC_WARN_UNDECLARED_SELECTOR = YES;
				GCC_WARN_UNINITIALIZED_AUTOS = YES_AGGRESSIVE;
				GCC_WARN_UNUSED_FUNCTION = YES;
				GCC_WARN_UNUSED_VARIABLE = YES;
				IPHONEOS_DEPLOYMENT_TARGET = 18.0;
				LOCALIZATION_PREFERS_STRING_CATALOGS = YES;
				MTL_ENABLE_DEBUG_INFO = NO;
				MTL_FAST_MATH = YES;
				SDKROOT = iphoneos;
				SWIFT_COMPILATION_MODE = wholemodule;
				VALIDATE_PRODUCT = YES;
			};
			name = Release;
		};
		7DA6B7822C202116002EE33D /* Debug */ = {
			isa = XCBuildConfiguration;
			buildSettings = {
				ASSETCATALOG_COMPILER_APPICON_NAME = AppIcon;
				ASSETCATALOG_COMPILER_GLOBAL_ACCENT_COLOR_NAME = AccentColor;
				CODE_SIGN_STYLE = Automatic;
				CURRENT_PROJECT_VERSION = 1;
				DEVELOPMENT_ASSET_PATHS = "\"Landmarks/Preview Content\"";
				DEVELOPMENT_TEAM = 4XBP3H82S7;
				ENABLE_PREVIEWS = YES;
				GENERATE_INFOPLIST_FILE = YES;
				INFOPLIST_KEY_UIApplicationSceneManifest_Generation = YES;
				INFOPLIST_KEY_UIApplicationSupportsIndirectInputEvents = YES;
				INFOPLIST_KEY_UILaunchScreen_Generation = YES;
				INFOPLIST_KEY_UISupportedInterfaceOrientations_iPad = "UIInterfaceOrientationPortrait UIInterfaceOrientationPortraitUpsideDown UIInterfaceOrientationLandscapeLeft UIInterfaceOrientationLandscapeRight";
				INFOPLIST_KEY_UISupportedInterfaceOrientations_iPhone = "UIInterfaceOrientationPortrait UIInterfaceOrientationLandscapeLeft UIInterfaceOrientationLandscapeRight";
				LD_RUNPATH_SEARCH_PATHS = (
					"$(inherited)",
					"@executable_path/Frameworks",
				);
				MARKETING_VERSION = 1.0;
				PRODUCT_BUNDLE_IDENTIFIER = dev.kingu.swiftui.tutorials.Landmarks;
				PRODUCT_NAME = "$(TARGET_NAME)";
				SWIFT_EMIT_LOC_STRINGS = YES;
				SWIFT_VERSION = 5.0;
				TARGETED_DEVICE_FAMILY = "1,2";
			};
			name = Debug;
		};
		7DA6B7832C202116002EE33D /* Release */ = {
			isa = XCBuildConfiguration;
			buildSettings = {
				ASSETCATALOG_COMPILER_APPICON_NAME = AppIcon;
				ASSETCATALOG_COMPILER_GLOBAL_ACCENT_COLOR_NAME = AccentColor;
				CODE_SIGN_STYLE = Automatic;
				CURRENT_PROJECT_VERSION = 1;
				DEVELOPMENT_ASSET_PATHS = "\"Landmarks/Preview Content\"";
				DEVELOPMENT_TEAM = 4XBP3H82S7;
				ENABLE_PREVIEWS = YES;
				GENERATE_INFOPLIST_FILE = YES;
				INFOPLIST_KEY_UIApplicationSceneManifest_Generation = YES;
				INFOPLIST_KEY_UIApplicationSupportsIndirectInputEvents = YES;
				INFOPLIST_KEY_UILaunchScreen_Generation = YES;
				INFOPLIST_KEY_UISupportedInterfaceOrientations_iPad = "UIInterfaceOrientationPortrait UIInterfaceOrientationPortraitUpsideDown UIInterfaceOrientationLandscapeLeft UIInterfaceOrientationLandscapeRight";
				INFOPLIST_KEY_UISupportedInterfaceOrientations_iPhone = "UIInterfaceOrientationPortrait UIInterfaceOrientationLandscapeLeft UIInterfaceOrientationLandscapeRight";
				LD_RUNPATH_SEARCH_PATHS = (
					"$(inherited)",
					"@executable_path/Frameworks",
				);
				MARKETING_VERSION = 1.0;
				PRODUCT_BUNDLE_IDENTIFIER = dev.kingu.swiftui.tutorials.Landmarks;
				PRODUCT_NAME = "$(TARGET_NAME)";
				SWIFT_EMIT_LOC_STRINGS = YES;
				SWIFT_VERSION = 5.0;
				TARGETED_DEVICE_FAMILY = "1,2";
			};
			name = Release;
		};
/* End XCBuildConfiguration section */

/* Begin XCConfigurationList section */
		7D49ABDC2C23FA9C003551BB /* Build configuration list for PBXNativeTarget "WatchLandmarks Watch App" */ = {
			isa = XCConfigurationList;
			buildConfigurations = (
				7D49ABDD2C23FA9C003551BB /* Debug */,
				7D49ABDE2C23FA9C003551BB /* Release */,
			);
			defaultConfigurationIsVisible = 0;
			defaultConfigurationName = Release;
		};
		7D49AC202C242659003551BB /* Build configuration list for PBXNativeTarget "MacLandmarks" */ = {
			isa = XCConfigurationList;
			buildConfigurations = (
				7D49AC212C242659003551BB /* Debug */,
				7D49AC222C242659003551BB /* Release */,
			);
			defaultConfigurationIsVisible = 0;
			defaultConfigurationName = Release;
		};
		7D832C132C25229A0076CC55 /* Build configuration list for PBXNativeTarget "VisionLandmarks" */ = {
			isa = XCConfigurationList;
			buildConfigurations = (
				7D832C112C25229A0076CC55 /* Debug */,
				7D832C122C25229A0076CC55 /* Release */,
			);
			defaultConfigurationIsVisible = 0;
			defaultConfigurationName = Release;
		};
		7DA6B7582C202115002EE33D /* Build configuration list for PBXProject "Landmarks" */ = {
			isa = XCConfigurationList;
			buildConfigurations = (
				7DA6B77F2C202116002EE33D /* Debug */,
				7DA6B7802C202116002EE33D /* Release */,
			);
			defaultConfigurationIsVisible = 0;
			defaultConfigurationName = Release;
		};
		7DA6B7812C202116002EE33D /* Build configuration list for PBXNativeTarget "Landmarks" */ = {
			isa = XCConfigurationList;
			buildConfigurations = (
				7DA6B7822C202116002EE33D /* Debug */,
				7DA6B7832C202116002EE33D /* Release */,
			);
			defaultConfigurationIsVisible = 0;
			defaultConfigurationName = Release;
		};
/* End XCConfigurationList section */

/* Begin XCSwiftPackageProductDependency section */
		7D832C052C2522990076CC55 /* RealityKitContent */ = {
			isa = XCSwiftPackageProductDependency;
			productName = RealityKitContent;
		};
/* End XCSwiftPackageProductDependency section */
	};
	rootObject = 7DA6B7552C202115002EE33D /* Project object */;
}
